post:
  tags:
    - Policy Management
  summary: Delete a policy block.
  requestBody:
    content:
      application/json:
        schema:
          required:
            - path
          type: object
          properties:
            path:
              type: string
              description: The policy block to delete.
    required: true
  responses:
    '200':
      description: API-Result
      content:
        '*/*':
          schema:
            $ref: ../components/schemas/PolicyDeletePolicyBlock.yaml
  x-idap-anon: false
  x-codegen-request-body-name: payload
